
Microsoft Visual Studio Solution File, Format Version 12.00
# Visual Studio Version 17
VisualStudioVersion = 17.1.32407.343
MinimumVisualStudioVersion = 10.0.40219.1
Project("{FAE04EC0-301F-11D3-BF4B-00C04F79EFBC}") = "PriceAlertAPI", "PriceAlert\PriceAlertAPI.csproj", "{5A079F57-2E2B-46C6-B62B-88C81D7DDD27}"
EndProject
Global
	GlobalSection(SolutionConfigurationPlatforms) = preSolution
		Debug|Any CPU = Debug|Any CPU
		Release|Any CPU = Release|Any CPU
	EndGlobalSection
	GlobalSection(ProjectConfigurationPlatforms) = postSolution
		{5A079F57-2E2B-46C6-B62B-88C81D7DDD27}.Debug|Any CPU.ActiveCfg = Debug|Any CPU
		{5A079F57-2E2B-46C6-B62B-88C81D7DDD27}.Debug|Any CPU.Build.0 = Debug|Any CPU
		{5A079F57-2E2B-46C6-B62B-88C81D7DDD27}.Release|Any CPU.ActiveCfg = Release|Any CPU
		{5A079F57-2E2B-46C6-B62B-88C81D7DDD27}.Release|Any CPU.Build.0 = Release|Any CPU
	EndGlobalSection
	GlobalSection(SolutionProperties) = preSolution
		HideSolutionNode = FALSE
	EndGlobalSection
	GlobalSection(ExtensibilityGlobals) = postSolution
		SolutionGuid = {450A76A0-918D-4CA7-BA0F-8D6011C37A41}
	EndGlobalSection
EndGlobal
